
Microsoft Visual Studio Solution File, Format Version 12.00
# Visual Studio Version 16
VisualStudioVersion = 16.0.28803.352
MinimumVisualStudioVersion = 10.0.40219.1
Project("{FAE04EC0-301F-11D3-BF4B-00C04F79EFBC}") = "TunnelBuilder", "TunnelBuilder\TunnelBuilder.csproj", "{470CFDD4-AB90-4775-ACD0-8244C66F22A0}"
EndProject
Project("{9A19103F-16F7-4668-BE54-9A1E7A4F7556}") = "NurbsMesher", "NurbsMesher\NurbsMesher.csproj", "{234C4A9E-80B9-4717-864A-3AEADE5F2760}"
EndProject
Project("{FAE04EC0-301F-11D3-BF4B-00C04F79EFBC}") = "NurbsMesherTest", "UnitTestProject1\NurbsMesherTest.csproj", "{97D665F1-9F51-4037-80C4-233B99BB44DC}"
EndProject
Project("{2150E333-8FDC-42A3-9474-1A3956D46DE8}") = "Solution Items", "Solution Items", "{42FB24AF-A34F-41EF-B368-12034344333D}"
	ProjectSection(SolutionItems) = preProject
		docs\AutoUpdater.xml = docs\AutoUpdater.xml
		docs\Change_Log.html = docs\Change_Log.html
	EndProjectSection
EndProject
Global
	GlobalSection(SolutionConfigurationPlatforms) = preSolution
		Debug|Any CPU = Debug|Any CPU
		Release|Any CPU = Release|Any CPU
	EndGlobalSection
	GlobalSection(ProjectConfigurationPlatforms) = postSolution
		{470CFDD4-AB90-4775-ACD0-8244C66F22A0}.Debug|Any CPU.ActiveCfg = Debug|Any CPU
		{470CFDD4-AB90-4775-ACD0-8244C66F22A0}.Debug|Any CPU.Build.0 = Debug|Any CPU
		{470CFDD4-AB90-4775-ACD0-8244C66F22A0}.Release|Any CPU.ActiveCfg = Release|Any CPU
		{470CFDD4-AB90-4775-ACD0-8244C66F22A0}.Release|Any CPU.Build.0 = Release|Any CPU
		{234C4A9E-80B9-4717-864A-3AEADE5F2760}.Debug|Any CPU.ActiveCfg = Debug|Any CPU
		{234C4A9E-80B9-4717-864A-3AEADE5F2760}.Debug|Any CPU.Build.0 = Debug|Any CPU
		{234C4A9E-80B9-4717-864A-3AEADE5F2760}.Release|Any CPU.ActiveCfg = Release|Any CPU
		{234C4A9E-80B9-4717-864A-3AEADE5F2760}.Release|Any CPU.Build.0 = Release|Any CPU
		{97D665F1-9F51-4037-80C4-233B99BB44DC}.Debug|Any CPU.ActiveCfg = Debug|Any CPU
		{97D665F1-9F51-4037-80C4-233B99BB44DC}.Debug|Any CPU.Build.0 = Debug|Any CPU
		{97D665F1-9F51-4037-80C4-233B99BB44DC}.Release|Any CPU.ActiveCfg = Release|Any CPU
		{97D665F1-9F51-4037-80C4-233B99BB44DC}.Release|Any CPU.Build.0 = Release|Any CPU
	EndGlobalSection
	GlobalSection(SolutionProperties) = preSolution
		HideSolutionNode = FALSE
	EndGlobalSection
	GlobalSection(ExtensibilityGlobals) = postSolution
		SolutionGuid = {09601321-3D48-4790-985C-45F8F42CA729}
	EndGlobalSection
EndGlobal
