
Microsoft Visual Studio Solution File, Format Version 12.00
# Visual Studio 15
VisualStudioVersion = 15.0.28307.271
MinimumVisualStudioVersion = 10.0.40219.1
Project("{FAE04EC0-301F-11D3-BF4B-00C04F79EFBC}") = "TunnelBuilder", "TunnelBuilder\TunnelBuilder.csproj", "{470CFDD4-AB90-4775-ACD0-8244C66F22A0}"
EndProject
Global
	GlobalSection(SolutionConfigurationPlatforms) = preSolution
		Debug|Any CPU = Debug|Any CPU
		Release|Any CPU = Release|Any CPU
	EndGlobalSection
	GlobalSection(ProjectConfigurationPlatforms) = postSolution
		{470CFDD4-AB90-4775-ACD0-8244C66F22A0}.Debug|Any CPU.ActiveCfg = Debug|Any CPU
		{470CFDD4-AB90-4775-ACD0-8244C66F22A0}.Debug|Any CPU.Build.0 = Debug|Any CPU
		{470CFDD4-AB90-4775-ACD0-8244C66F22A0}.Release|Any CPU.ActiveCfg = Release|Any CPU
		{470CFDD4-AB90-4775-ACD0-8244C66F22A0}.Release|Any CPU.Build.0 = Release|Any CPU
	EndGlobalSection
	GlobalSection(SolutionProperties) = preSolution
		HideSolutionNode = FALSE
	EndGlobalSection
	GlobalSection(ExtensibilityGlobals) = postSolution
		SolutionGuid = {09601321-3D48-4790-985C-45F8F42CA729}
	EndGlobalSection
EndGlobal
